
Microsoft Visual Studio Solution File, Format Version 12.00
# Visual Studio Version 16
VisualStudioVersion = 16.0.30523.141
MinimumVisualStudioVersion = 10.0.40219.1
Project("{FAE04EC0-301F-11D3-BF4B-00C04F79EFBC}") = "SalesWebMvc", "SalesWebMvc\SalesWebMvc.csproj", "{78234701-A2E5-42E5-97F3-11BCB879C31C}"
EndProject
Global
	GlobalSection(SolutionConfigurationPlatforms) = preSolution
		Debug|Any CPU = Debug|Any CPU
		Release|Any CPU = Release|Any CPU
	EndGlobalSection
	GlobalSection(ProjectConfigurationPlatforms) = postSolution
		{78234701-A2E5-42E5-97F3-11BCB879C31C}.Debug|Any CPU.ActiveCfg = Debug|Any CPU
		{78234701-A2E5-42E5-97F3-11BCB879C31C}.Debug|Any CPU.Build.0 = Debug|Any CPU
		{78234701-A2E5-42E5-97F3-11BCB879C31C}.Release|Any CPU.ActiveCfg = Release|Any CPU
		{78234701-A2E5-42E5-97F3-11BCB879C31C}.Release|Any CPU.Build.0 = Release|Any CPU
	EndGlobalSection
	GlobalSection(SolutionProperties) = preSolution
		HideSolutionNode = FALSE
	EndGlobalSection
	GlobalSection(ExtensibilityGlobals) = postSolution
		SolutionGuid = {8467A8B4-4B05-41BC-A0A0-5445F9265791}
	EndGlobalSection
EndGlobal
